
Microsoft Visual Studio Solution File, Format Version 12.00
# Visual Studio Version 16
VisualStudioVersion = 16.0.30204.135
MinimumVisualStudioVersion = 10.0.40219.1
Project("{FAE04EC0-301F-11D3-BF4B-00C04F79EFBC}") = "LogViewer", "LogViewer.csproj", "{834316F5-3F9C-4A2B-8089-8192AD192EE4}"
EndProject
Global
	GlobalSection(SolutionConfigurationPlatforms) = preSolution
		Debug|Any CPU = Debug|Any CPU
		Release|Any CPU = Release|Any CPU
	EndGlobalSection
	GlobalSection(ProjectConfigurationPlatforms) = postSolution
		{834316F5-3F9C-4A2B-8089-8192AD192EE4}.Debug|Any CPU.ActiveCfg = Debug|Any CPU
		{834316F5-3F9C-4A2B-8089-8192AD192EE4}.Debug|Any CPU.Build.0 = Debug|Any CPU
		{834316F5-3F9C-4A2B-8089-8192AD192EE4}.Release|Any CPU.ActiveCfg = Release|Any CPU
		{834316F5-3F9C-4A2B-8089-8192AD192EE4}.Release|Any CPU.Build.0 = Release|Any CPU
	EndGlobalSection
	GlobalSection(SolutionProperties) = preSolution
		HideSolutionNode = FALSE
	EndGlobalSection
	GlobalSection(ExtensibilityGlobals) = postSolution
		SolutionGuid = {0FA91EED-8055-4BDF-88A8-09D4C17E4203}
	EndGlobalSection
EndGlobal
